// !$*UTF8*$!
{
	archiveVersion = 1;
	classes = {
	};
	objectVersion = 46;
	objects = {

/* Begin PBXBuildFile section */
		EDB4DBA31ED104670005E5B3 /* AppDelegate.swift in Sources */ = {isa = PBXBuildFile; fileRef = EDB4DBA21ED104670005E5B3 /* AppDelegate.swift */; };
		EDB4DBA81ED104670005E5B3 /* Main.storyboard in Resources */ = {isa = PBXBuildFile; fileRef = EDB4DBA61ED104670005E5B3 /* Main.storyboard */; };
		EDB4DBAA1ED104670005E5B3 /* Assets.xcassets in Resources */ = {isa = PBXBuildFile; fileRef = EDB4DBA91ED104670005E5B3 /* Assets.xcassets */; };
		EDB4DBAD1ED104670005E5B3 /* LaunchScreen.storyboard in Resources */ = {isa = PBXBuildFile; fileRef = EDB4DBAB1ED104670005E5B3 /* LaunchScreen.storyboard */; };
		EDB4DBB51ED1049A0005E5B3 /* BaseScreen.swift in Sources */ = {isa = PBXBuildFile; fileRef = EDB4DBB41ED1049A0005E5B3 /* BaseScreen.swift */; };
		EDB4DBB71ED10BA20005E5B3 /* SelectionScreen.swift in Sources */ = {isa = PBXBuildFile; fileRef = EDB4DBB61ED10BA20005E5B3 /* SelectionScreen.swift */; };
/* End PBXBuildFile section */

/* Begin PBXFileReference section */
		EDB4DB9F1ED104670005E5B3 /* Delegates-Protocols.app */ = {isa = PBXFileReference; explicitFileType = wrapper.application; includeInIndex = 0; path = "Delegates-Protocols.app"; sourceTree = BUILT_PRODUCTS_DIR; };
		EDB4DBA21ED104670005E5B3 /* AppDelegate.swift */ = {isa = PBXFileReference; lastKnownFileType = sourcecode.swift; path = AppDelegate.swift; sourceTree = "<group>"; };
		EDB4DBA71ED104670005E5B3 /* Base */ = {isa = PBXFileReference; lastKnownFileType = file.storyboard; name = Base; path = Base.lproj/Main.storyboard; sourceTree = "<group>"; };
		EDB4DBA91ED104670005E5B3 /* Assets.xcassets */ = {isa = PBXFileReference; lastKnownFileType = folder.assetcatalog; path = Assets.xcassets; sourceTree = "<group>"; };
		EDB4DBAC1ED104670005E5B3 /* Base */ = {isa = PBXFileReference; lastKnownFileType = file.storyboard; name = Base; path = Base.lproj/LaunchScreen.storyboard; sourceTree = "<group>"; };
		EDB4DBAE1ED104670005E5B3 /* Info.plist */ = {isa = PBXFileReference; lastKnownFileType = text.plist.xml; path = Info.plist; sourceTree = "<group>"; };
		EDB4DBB41ED1049A0005E5B3 /* BaseScreen.swift */ = {isa = PBXFileReference; fileEncoding = 4; lastKnownFileType = sourcecode.swift; path = BaseScreen.swift; sourceTree = "<group>"; };
		EDB4DBB61ED10BA20005E5B3 /* SelectionScreen.swift */ = {isa = PBXFileReference; fileEncoding = 4; lastKnownFileType = sourcecode.swift; path = SelectionScreen.swift; sourceTree = "<group>"; };
/* End PBXFileReference section */

/* Begin PBXFrameworksBuildPhase section */
		EDB4DB9C1ED104670005E5B3 /* Frameworks */ = {
			isa = PBXFrameworksBuildPhase;
			buildActionMask = 2147483647;
			files = (
			);
			runOnlyForDeploymentPostprocessing = 0;
		};
/* End PBXFrameworksBuildPhase section */

/* Begin PBXGroup section */
		EDB4DB961ED104670005E5B3 = {
			isa = PBXGroup;
			children = (
				EDB4DBA11ED104670005E5B3 /* Delegates-Protocols */,
				EDB4DBA01ED104670005E5B3 /* Products */,
			);
			sourceTree = "<group>";
		};
		EDB4DBA01ED104670005E5B3 /* Products */ = {
			isa = PBXGroup;
			children = (
				EDB4DB9F1ED104670005E5B3 /* Delegates-Protocols.app */,
			);
			name = Products;
			sourceTree = "<group>";
		};
		EDB4DBA11ED104670005E5B3 /* Delegates-Protocols */ = {
			isa = PBXGroup;
			children = (
				EDB4DBA21ED104670005E5B3 /* AppDelegate.swift */,
				EDB4DBB41ED1049A0005E5B3 /* BaseScreen.swift */,
				EDB4DBB61ED10BA20005E5B3 /* SelectionScreen.swift */,
				EDB4DBA61ED104670005E5B3 /* Main.storyboard */,
				EDB4DBA91ED104670005E5B3 /* Assets.xcassets */,
				EDB4DBAB1ED104670005E5B3 /* LaunchScreen.storyboard */,
				EDB4DBAE1ED104670005E5B3 /* Info.plist */,
			);
			path = "Delegates-Protocols";
			sourceTree = "<group>";
		};
/* End PBXGroup section */

/* Begin PBXNativeTarget section */
		EDB4DB9E1ED104670005E5B3 /* Delegates-Protocols */ = {
			isa = PBXNativeTarget;
			buildConfigurationList = EDB4DBB11ED104670005E5B3 /* Build configuration list for PBXNativeTarget "Delegates-Protocols" */;
			buildPhases = (
				EDB4DB9B1ED104670005E5B3 /* Sources */,
				EDB4DB9C1ED104670005E5B3 /* Frameworks */,
				EDB4DB9D1ED104670005E5B3 /* Resources */,
			);
			buildRules = (
			);
			dependencies = (
			);
			name = "Delegates-Protocols";
			productName = "Delegates-Protocols";
			productReference = EDB4DB9F1ED104670005E5B3 /* Delegates-Protocols.app */;
			productType = "com.apple.product-type.application";
		};
/* End PBXNativeTarget section */

/* Begin PBXProject section */
		EDB4DB971ED104670005E5B3 /* Project object */ = {
			isa = PBXProject;
			attributes = {
				LastSwiftUpdateCheck = 0830;
				LastUpgradeCheck = 1320;
				ORGANIZATIONNAME = "Sean Allen";
				TargetAttributes = {
					EDB4DB9E1ED104670005E5B3 = {
						CreatedOnToolsVersion = 8.3.2;
						DevelopmentTeam = H69U55MWXW;
						ProvisioningStyle = Automatic;
					};
				};
			};
			buildConfigurationList = EDB4DB9A1ED104670005E5B3 /* Build configuration list for PBXProject "Delegates-Protocols" */;
			compatibilityVersion = "Xcode 3.2";
			developmentRegion = en;
			hasScannedForEncodings = 0;
			knownRegions = (
				en,
				Base,
			);
			mainGroup = EDB4DB961ED104670005E5B3;
			productRefGroup = EDB4DBA01ED104670005E5B3 /* Products */;
			projectDirPath = "";
			projectRoot = "";
			targets = (
				EDB4DB9E1ED104670005E5B3 /* Delegates-Protocols */,
			);
		};
/* End PBXProject section */

/* Begin PBXResourcesBuildPhase section */
		EDB4DB9D1ED104670005E5B3 /* Resources */ = {
			isa = PBXResourcesBuildPhase;
			buildActionMask = 2147483647;
			files = (
				EDB4DBAD1ED104670005E5B3 /* LaunchScreen.storyboard in Resources */,
				EDB4DBAA1ED104670005E5B3 /* Assets.xcassets in Resources */,
				EDB4DBA81ED104670005E5B3 /* Main.storyboard in Resources */,
			);
			runOnlyForDeploymentPostprocessing = 0;
		};
/* End PBXResourcesBuildPhase section */

/* Begin PBXSourcesBuildPhase section */
		EDB4DB9B1ED104670005E5B3 /* Sources */ = {
			isa = PBXSourcesBuildPhase;
			buildActionMask = 2147483647;
			files = (
				EDB4DBB51ED1049A0005E5B3 /* BaseScreen.swift in Sources */,
				EDB4DBA31ED104670005E5B3 /* AppDelegate.swift in Sources */,
				EDB4DBB71ED10BA20005E5B3 /* SelectionScreen.swift in Sources */,
			);
			runOnlyForDeploymentPostprocessing = 0;
		};
/* End PBXSourcesBuildPhase section */

/* Begin PBXVariantGroup section */
		EDB4DBA61ED104670005E5B3 /* Main.storyboard */ = {
			isa = PBXVariantGroup;
			children = (
				EDB4DBA71ED104670005E5B3 /* Base */,
			);
			name = Main.storyboard;
			sourceTree = "<group>";
		};
		EDB4DBAB1ED104670005E5B3 /* LaunchScreen.storyboard */ = {
			isa = PBXVariantGroup;
			children = (
				EDB4DBAC1ED104670005E5B3 /* Base */,
			);
			name = LaunchScreen.storyboard;
			sourceTree = "<group>";
		};
/* End PBXVariantGroup section */

/* Begin XCBuildConfiguration section */
		EDB4DBAF1ED104670005E5B3 /* Debug */ = {
			isa = XCBuildConfiguration;
			buildSettings = {
				ALWAYS_SEARCH_USER_PATHS = NO;
				CLANG_ANALYZER_LOCALIZABILITY_NONLOCALIZED = YES;
				CLANG_ANALYZER_NONNULL = YES;
				CLANG_ANALYZER_NUMBER_OBJECT_CONVERSION = YES_AGGRESSIVE;
				CLANG_CXX_LANGUAGE_STANDARD = "gnu++0x";
				CLANG_CXX_LIBRARY = "libc++";
				CLANG_ENABLE_MODULES = YES;
				CLANG_ENABLE_OBJC_ARC = YES;
				CLANG_WARN_BLOCK_CAPTURE_AUTORELEASING = YES;
				CLANG_WARN_BOOL_CONVERSION = YES;
				CLANG_WARN_COMMA = YES;
				CLANG_WARN_CONSTANT_CONVERSION = YES;
				CLANG_WARN_DEPRECATED_OBJC_IMPLEMENTATIONS = YES;
				CLANG_WARN_DIRECT_OBJC_ISA_USAGE = YES_ERROR;
				CLANG_WARN_DOCUMENTATION_COMMENTS = YES;
				CLANG_WARN_EMPTY_BODY = YES;
				CLANG_WARN_ENUM_CONVERSION = YES;
				CLANG_WARN_INFINITE_RECURSION = YES;
				CLANG_WARN_INT_CONVERSION = YES;
				CLANG_WARN_NON_LITERAL_NULL_CONVERSION = YES;
				CLANG_WARN_OBJC_IMPLICIT_RETAIN_SELF = YES;
				CLANG_WARN_OBJC_LITERAL_CONVERSION = YES;
				CLANG_WARN_OBJC_ROOT_CLASS = YES_ERROR;
				CLANG_WARN_QUOTED_INCLUDE_IN_FRAMEWORK_HEADER = YES;
				CLANG_WARN_RANGE_LOOP_ANALYSIS = YES;
				CLANG_WARN_STRICT_PROTOTYPES = YES;
				CLANG_WARN_SUSPICIOUS_MOVE = YES;
				CLANG_WARN_UNREACHABLE_CODE = YES;
				CLANG_WARN__DUPLICATE_METHOD_MATCH = YES;
				"CODE_SIGN_IDENTITY[sdk=iphoneos*]" = "iPhone Developer";
				COPY_PHASE_STRIP = NO;
				DEBUG_INFORMATION_FORMAT = dwarf;
				ENABLE_STRICT_OBJC_MSGSEND = YES;
				ENABLE_TESTABILITY = YES;
				GCC_C_LANGUAGE_STANDARD = gnu99;
				GCC_DYNAMIC_NO_PIC = NO;
				GCC_NO_COMMON_BLOCKS = YES;
				GCC_OPTIMIZATION_LEVEL = 0;
				GCC_PREPROCESSOR_DEFINITIONS = (
					"DEBUG=1",
					"$(inherited)",
				);
				GCC_WARN_64_TO_32_BIT_CONVERSION = YES;
				GCC_WARN_ABOUT_RETURN_TYPE = YES_ERROR;
				GCC_WARN_UNDECLARED_SELECTOR = YES;
				GCC_WARN_UNINITIALIZED_AUTOS = YES_AGGRESSIVE;
				GCC_WARN_UNUSED_FUNCTION = YES;
				GCC_WARN_UNUSED_VARIABLE = YES;
				IPHONEOS_DEPLOYMENT_TARGET = 12.0;
				MTL_ENABLE_DEBUG_INFO = YES;
				ONLY_ACTIVE_ARCH = YES;
				SDKROOT = iphoneos;
				SWIFT_ACTIVE_COMPILATION_CONDITIONS = DEBUG;
				SWIFT_OPTIMIZATION_LEVEL = "-Onone";
				TARGETED_DEVICE_FAMILY = "1,2";
			};
			name = Debug;
		};
		EDB4DBB01ED104670005E5B3 /* Release */ = {
			isa = XCBuildConfiguration;
			buildSettings = {
				ALWAYS_SEARCH_USER_PATHS = NO;
				CLANG_ANALYZER_LOCALIZABILITY_NONLOCALIZED = YES;
				CLANG_ANALYZER_NONNULL = YES;
				CLANG_ANALYZER_NUMBER_OBJECT_CONVERSION = YES_AGGRESSIVE;
				CLANG_CXX_LANGUAGE_STANDARD = "gnu++0x";
				CLANG_CXX_LIBRARY = "libc++";
				CLANG_ENABLE_MODULES = YES;
				CLANG_ENABLE_OBJC_ARC = YES;
				CLANG_WARN_BLOCK_CAPTURE_AUTORELEASING = YES;
				CLANG_WARN_BOOL_CONVERSION = YES;
				CLANG_WARN_COMMA = YES;
				CLANG_WARN_CONSTANT_CONVERSION = YES;
				CLANG_WARN_DEPRECATED_OBJC_IMPLEMENTATIONS = YES;
				CLANG_WARN_DIRECT_OBJC_ISA_USAGE = YES_ERROR;
				CLANG_WARN_DOCUMENTATION_COMMENTS = YES;
				CLANG_WARN_EMPTY_BODY = YES;
				CLANG_WARN_ENUM_CONVERSION = YES;
				CLANG_WARN_INFINITE_RECURSION = YES;
				CLANG_WARN_INT_CONVERSION = YES;
				CLANG_WARN_NON_LITERAL_NULL_CONVERSION = YES;
				CLANG_WARN_OBJC_IMPLICIT_RETAIN_SELF = YES;
				CLANG_WARN_OBJC_LITERAL_CONVERSION = YES;
				CLANG_WARN_OBJC_ROOT_CLASS = YES_ERROR;
				CLANG_WARN_QUOTED_INCLUDE_IN_FRAMEWORK_HEADER = YES;
				CLANG_WARN_RANGE_LOOP_ANALYSIS = YES;
				CLANG_WARN_STRICT_PROTOTYPES = YES;
				CLANG_WARN_SUSPICIOUS_MOVE = YES;
				CLANG_WARN_UNREACHABLE_CODE = YES;
				CLANG_WARN__DUPLICATE_METHOD_MATCH = YES;
				"CODE_SIGN_IDENTITY[sdk=iphoneos*]" = "iPhone Developer";
				COPY_PHASE_STRIP = NO;
				DEBUG_INFORMATION_FORMAT = "dwarf-with-dsym";
				ENABLE_NS_ASSERTIONS = NO;
				ENABLE_STRICT_OBJC_MSGSEND = YES;
				GCC_C_LANGUAGE_STANDARD = gnu99;
				GCC_NO_COMMON_BLOCKS = YES;
				GCC_WARN_64_TO_32_BIT_CONVERSION = YES;
				GCC_WARN_ABOUT_RETURN_TYPE = YES_ERROR;
				GCC_WARN_UNDECLARED_SELECTOR = YES;
				GCC_WARN_UNINITIALIZED_AUTOS = YES_AGGRESSIVE;
				GCC_WARN_UNUSED_FUNCTION = YES;
				GCC_WARN_UNUSED_VARIABLE = YES;
				IPHONEOS_DEPLOYMENT_TARGET = 12.0;
				MTL_ENABLE_DEBUG_INFO = NO;
				SDKROOT = iphoneos;
				SWIFT_OPTIMIZATION_LEVEL = "-Owholemodule";
				TARGETED_DEVICE_FAMILY = "1,2";
				VALIDATE_PRODUCT = YES;
			};
			name = Release;
		};
		EDB4DBB21ED104670005E5B3 /* Debug */ = {
			isa = XCBuildConfiguration;
			buildSettings = {
				ASSETCATALOG_COMPILER_APPICON_NAME = AppIcon;
				DEVELOPMENT_TEAM = H69U55MWXW;
				INFOPLIST_FILE = "Delegates-Protocols/Info.plist";
				LD_RUNPATH_SEARCH_PATHS = "$(inherited) @executable_path/Frameworks";
				PRODUCT_BUNDLE_IDENTIFIER = "co.seanallen.Delegates-Protocols";
				PRODUCT_NAME = "$(TARGET_NAME)";
				SWIFT_VERSION = 5.0;
			};
			name = Debug;
		};
		EDB4DBB31ED104670005E5B3 /* Release */ = {
			isa = XCBuildConfiguration;
			buildSettings = {
				ASSETCATALOG_COMPILER_APPICON_NAME = AppIcon;
				DEVELOPMENT_TEAM = H69U55MWXW;
				INFOPLIST_FILE = "Delegates-Protocols/Info.plist";
				LD_RUNPATH_SEARCH_PATHS = "$(inherited) @executable_path/Frameworks";
				PRODUCT_BUNDLE_IDENTIFIER = "co.seanallen.Delegates-Protocols";
				PRODUCT_NAME = "$(TARGET_NAME)";
				SWIFT_VERSION = 5.0;
			};
			name = Release;
		};
/* End XCBuildConfiguration section */

/* Begin XCConfigurationList section */
		EDB4DB9A1ED104670005E5B3 /* Build configuration list for PBXProject "Delegates-Protocols" */ = {
			isa = XCConfigurationList;
			buildConfigurations = (
				EDB4DBAF1ED104670005E5B3 /* Debug */,
				EDB4DBB01ED104670005E5B3 /* Release */,
			);
			defaultConfigurationIsVisible = 0;
			defaultConfigurationName = Release;
		};
		EDB4DBB11ED104670005E5B3 /* Build configuration list for PBXNativeTarget "Delegates-Protocols" */ = {
			isa = XCConfigurationList;
			buildConfigurations = (
				EDB4DBB21ED104670005E5B3 /* Debug */,
				EDB4DBB31ED104670005E5B3 /* Release */,
			);
			defaultConfigurationIsVisible = 0;
			defaultConfigurationName = Release;
		};
/* End XCConfigurationList section */
	};
	rootObject = EDB4DB971ED104670005E5B3 /* Project object */;
}
